
Microsoft Visual Studio Solution File, Format Version 12.00
# Visual Studio Version 17
VisualStudioVersion = 17.12.35707.178 d17.12
MinimumVisualStudioVersion = 10.0.40219.1
Project("{FAE04EC0-301F-11D3-BF4B-00C04F79EFBC}") = "BookStore_MVC", "BookStore_MVC\BookStore_MVC.csproj", "{5A2B1CB2-5A63-45AB-8CB2-EF659161DBFA}"
EndProject
Project("{FAE04EC0-301F-11D3-BF4B-00C04F79EFBC}") = "BookStore_Razor", "BookStore_Razor\BookStore_Razor.csproj", "{EBB72A7A-EA98-4193-A98E-24053D986621}"
EndProject
Global
	GlobalSection(SolutionConfigurationPlatforms) = preSolution
		Debug|Any CPU = Debug|Any CPU
		Release|Any CPU = Release|Any CPU
	EndGlobalSection
	GlobalSection(ProjectConfigurationPlatforms) = postSolution
		{5A2B1CB2-5A63-45AB-8CB2-EF659161DBFA}.Debug|Any CPU.ActiveCfg = Debug|Any CPU
		{5A2B1CB2-5A63-45AB-8CB2-EF659161DBFA}.Debug|Any CPU.Build.0 = Debug|Any CPU
		{5A2B1CB2-5A63-45AB-8CB2-EF659161DBFA}.Release|Any CPU.ActiveCfg = Release|Any CPU
		{5A2B1CB2-5A63-45AB-8CB2-EF659161DBFA}.Release|Any CPU.Build.0 = Release|Any CPU
		{EBB72A7A-EA98-4193-A98E-24053D986621}.Debug|Any CPU.ActiveCfg = Debug|Any CPU
		{EBB72A7A-EA98-4193-A98E-24053D986621}.Debug|Any CPU.Build.0 = Debug|Any CPU
		{EBB72A7A-EA98-4193-A98E-24053D986621}.Release|Any CPU.ActiveCfg = Release|Any CPU
		{EBB72A7A-EA98-4193-A98E-24053D986621}.Release|Any CPU.Build.0 = Release|Any CPU
	EndGlobalSection
	GlobalSection(SolutionProperties) = preSolution
		HideSolutionNode = FALSE
	EndGlobalSection
EndGlobal
